
Microsoft Visual Studio Solution File, Format Version 12.00
Project("{F2A71F9B-5D33-465A-A702-920D77279786}") = "fHexDump", "fHexDump\fHexDump\fHexDump\fHexDump.fsproj", "{DCDB85EE-ACC8-46D5-8546-50E925788E60}"
EndProject
Project("{F2A71F9B-5D33-465A-A702-920D77279786}") = "hello", "fsharp-level-0\hello\hello.fsproj", "{1F24B3C4-0FC7-422E-AD9F-AD28A5116325}"
EndProject
Project("{F2A71F9B-5D33-465A-A702-920D77279786}") = "IntegerGames", "IntegerGames\IntegerGames\IntegerGames.fsproj", "{02F7204E-A56C-4379-8F03-B5A3687603CA}"
EndProject
Project("{F2A71F9B-5D33-465A-A702-920D77279786}") = "Libraries", "Libraries\Libraries.fsproj", "{96CCEA21-7548-46C9-A8A3-D4CB10D22BC0}"
EndProject
Global
	GlobalSection(SolutionConfigurationPlatforms) = preSolution
		Debug|Any CPU = Debug|Any CPU
		Release|Any CPU = Release|Any CPU
	EndGlobalSection
	GlobalSection(ProjectConfigurationPlatforms) = postSolution
		{DCDB85EE-ACC8-46D5-8546-50E925788E60}.Debug|Any CPU.ActiveCfg = Debug|Any CPU
		{DCDB85EE-ACC8-46D5-8546-50E925788E60}.Debug|Any CPU.Build.0 = Debug|Any CPU
		{DCDB85EE-ACC8-46D5-8546-50E925788E60}.Release|Any CPU.ActiveCfg = Release|Any CPU
		{DCDB85EE-ACC8-46D5-8546-50E925788E60}.Release|Any CPU.Build.0 = Release|Any CPU
		{1F24B3C4-0FC7-422E-AD9F-AD28A5116325}.Debug|Any CPU.ActiveCfg = Debug|Any CPU
		{1F24B3C4-0FC7-422E-AD9F-AD28A5116325}.Debug|Any CPU.Build.0 = Debug|Any CPU
		{1F24B3C4-0FC7-422E-AD9F-AD28A5116325}.Release|Any CPU.ActiveCfg = Release|Any CPU
		{1F24B3C4-0FC7-422E-AD9F-AD28A5116325}.Release|Any CPU.Build.0 = Release|Any CPU
		{02F7204E-A56C-4379-8F03-B5A3687603CA}.Debug|Any CPU.ActiveCfg = Debug|Any CPU
		{02F7204E-A56C-4379-8F03-B5A3687603CA}.Debug|Any CPU.Build.0 = Debug|Any CPU
		{02F7204E-A56C-4379-8F03-B5A3687603CA}.Release|Any CPU.ActiveCfg = Release|Any CPU
		{02F7204E-A56C-4379-8F03-B5A3687603CA}.Release|Any CPU.Build.0 = Release|Any CPU
		{96CCEA21-7548-46C9-A8A3-D4CB10D22BC0}.Debug|Any CPU.ActiveCfg = Debug|Any CPU
		{96CCEA21-7548-46C9-A8A3-D4CB10D22BC0}.Debug|Any CPU.Build.0 = Debug|Any CPU
		{96CCEA21-7548-46C9-A8A3-D4CB10D22BC0}.Release|Any CPU.ActiveCfg = Release|Any CPU
		{96CCEA21-7548-46C9-A8A3-D4CB10D22BC0}.Release|Any CPU.Build.0 = Release|Any CPU
	EndGlobalSection
EndGlobal
